
Microsoft Visual Studio Solution File, Format Version 12.00
# Visual Studio Version 17
VisualStudioVersion = 17.10.34928.147
MinimumVisualStudioVersion = 10.0.40219.1
Project("{FAE04EC0-301F-11D3-BF4B-00C04F79EFBC}") = "ConstructorOverloading", "ConstructorOverloading\ConstructorOverloading.csproj", "{05C7C9E0-4F5C-4E9F-BC49-8B4C23EC7F78}"
EndProject
Project("{FAE04EC0-301F-11D3-BF4B-00C04F79EFBC}") = "JavaBeanMethod", "JavaBeanMethod\JavaBeanMethod.csproj", "{EF41637B-8703-496B-A61C-6673E4578DD7}"
EndProject
Project("{FAE04EC0-301F-11D3-BF4B-00C04F79EFBC}") = "UsingBuilder", "UsingBuilder\UsingBuilder.csproj", "{EAC84D7A-9DDE-42E6-8780-18E46519FEF9}"
EndProject
Project("{2150E333-8FDC-42A3-9474-1A3956D46DE8}") = "Solution Items", "Solution Items", "{96EB581A-3113-4333-80CA-B6D42F7FEC96}"
	ProjectSection(SolutionItems) = preProject
		BuilderDesignPattern.txt = BuilderDesignPattern.txt
	EndProjectSection
EndProject
Global
	GlobalSection(SolutionConfigurationPlatforms) = preSolution
		Debug|Any CPU = Debug|Any CPU
		Release|Any CPU = Release|Any CPU
	EndGlobalSection
	GlobalSection(ProjectConfigurationPlatforms) = postSolution
		{05C7C9E0-4F5C-4E9F-BC49-8B4C23EC7F78}.Debug|Any CPU.ActiveCfg = Debug|Any CPU
		{05C7C9E0-4F5C-4E9F-BC49-8B4C23EC7F78}.Debug|Any CPU.Build.0 = Debug|Any CPU
		{05C7C9E0-4F5C-4E9F-BC49-8B4C23EC7F78}.Release|Any CPU.ActiveCfg = Release|Any CPU
		{05C7C9E0-4F5C-4E9F-BC49-8B4C23EC7F78}.Release|Any CPU.Build.0 = Release|Any CPU
		{EF41637B-8703-496B-A61C-6673E4578DD7}.Debug|Any CPU.ActiveCfg = Debug|Any CPU
		{EF41637B-8703-496B-A61C-6673E4578DD7}.Debug|Any CPU.Build.0 = Debug|Any CPU
		{EF41637B-8703-496B-A61C-6673E4578DD7}.Release|Any CPU.ActiveCfg = Release|Any CPU
		{EF41637B-8703-496B-A61C-6673E4578DD7}.Release|Any CPU.Build.0 = Release|Any CPU
		{EAC84D7A-9DDE-42E6-8780-18E46519FEF9}.Debug|Any CPU.ActiveCfg = Debug|Any CPU
		{EAC84D7A-9DDE-42E6-8780-18E46519FEF9}.Debug|Any CPU.Build.0 = Debug|Any CPU
		{EAC84D7A-9DDE-42E6-8780-18E46519FEF9}.Release|Any CPU.ActiveCfg = Release|Any CPU
		{EAC84D7A-9DDE-42E6-8780-18E46519FEF9}.Release|Any CPU.Build.0 = Release|Any CPU
	EndGlobalSection
	GlobalSection(SolutionProperties) = preSolution
		HideSolutionNode = FALSE
	EndGlobalSection
	GlobalSection(ExtensibilityGlobals) = postSolution
		SolutionGuid = {E790ABBA-8B2A-478F-A771-E58EC4FED2D3}
	EndGlobalSection
EndGlobal
